// !$*UTF8*$!
{
	archiveVersion = 1;
	classes = {
	};
	objectVersion = 56;
	objects = {

/* Begin PBXBuildFile section */
		914B6C1D29F19CCA00CF11B4 /* AppDelegate.swift in Sources */ = {isa = PBXBuildFile; fileRef = 914B6C1C29F19CCA00CF11B4 /* AppDelegate.swift */; };
		914B6C1F29F19CCA00CF11B4 /* SceneDelegate.swift in Sources */ = {isa = PBXBuildFile; fileRef = 914B6C1E29F19CCA00CF11B4 /* SceneDelegate.swift */; };
		914B6C2129F19CCA00CF11B4 /* ViewController.swift in Sources */ = {isa = PBXBuildFile; fileRef = 914B6C2029F19CCA00CF11B4 /* ViewController.swift */; };
		914B6C2429F19CCA00CF11B4 /* Main.storyboard in Resources */ = {isa = PBXBuildFile; fileRef = 914B6C2229F19CCA00CF11B4 /* Main.storyboard */; };
		914B6C2629F19CCB00CF11B4 /* Assets.xcassets in Resources */ = {isa = PBXBuildFile; fileRef = 914B6C2529F19CCB00CF11B4 /* Assets.xcassets */; };
		914B6C2929F19CCB00CF11B4 /* LaunchScreen.storyboard in Resources */ = {isa = PBXBuildFile; fileRef = 914B6C2729F19CCB00CF11B4 /* LaunchScreen.storyboard */; };
		914B6C3429F19CCB00CF11B4 /* toetacticTests.swift in Sources */ = {isa = PBXBuildFile; fileRef = 914B6C3329F19CCB00CF11B4 /* toetacticTests.swift */; };
		914B6C3E29F19CCB00CF11B4 /* toetacticUITests.swift in Sources */ = {isa = PBXBuildFile; fileRef = 914B6C3D29F19CCB00CF11B4 /* toetacticUITests.swift */; };
		914B6C4029F19CCB00CF11B4 /* toetacticUITestsLaunchTests.swift in Sources */ = {isa = PBXBuildFile; fileRef = 914B6C3F29F19CCB00CF11B4 /* toetacticUITestsLaunchTests.swift */; };
/* End PBXBuildFile section */

/* Begin PBXContainerItemProxy section */
		914B6C3029F19CCB00CF11B4 /* PBXContainerItemProxy */ = {
			isa = PBXContainerItemProxy;
			containerPortal = 914B6C1129F19CCA00CF11B4 /* Project object */;
			proxyType = 1;
			remoteGlobalIDString = 914B6C1829F19CCA00CF11B4;
			remoteInfo = toetactic;
		};
		914B6C3A29F19CCB00CF11B4 /* PBXContainerItemProxy */ = {
			isa = PBXContainerItemProxy;
			containerPortal = 914B6C1129F19CCA00CF11B4 /* Project object */;
			proxyType = 1;
			remoteGlobalIDString = 914B6C1829F19CCA00CF11B4;
			remoteInfo = toetactic;
		};
/* End PBXContainerItemProxy section */

/* Begin PBXFileReference section */
		914B6C1929F19CCA00CF11B4 /* toetactic.app */ = {isa = PBXFileReference; explicitFileType = wrapper.application; includeInIndex = 0; path = toetactic.app; sourceTree = BUILT_PRODUCTS_DIR; };
		914B6C1C29F19CCA00CF11B4 /* AppDelegate.swift */ = {isa = PBXFileReference; lastKnownFileType = sourcecode.swift; path = AppDelegate.swift; sourceTree = "<group>"; };
		914B6C1E29F19CCA00CF11B4 /* SceneDelegate.swift */ = {isa = PBXFileReference; lastKnownFileType = sourcecode.swift; path = SceneDelegate.swift; sourceTree = "<group>"; };
		914B6C2029F19CCA00CF11B4 /* ViewController.swift */ = {isa = PBXFileReference; lastKnownFileType = sourcecode.swift; path = ViewController.swift; sourceTree = "<group>"; };
		914B6C2329F19CCA00CF11B4 /* Base */ = {isa = PBXFileReference; lastKnownFileType = file.storyboard; name = Base; path = Base.lproj/Main.storyboard; sourceTree = "<group>"; };
		914B6C2529F19CCB00CF11B4 /* Assets.xcassets */ = {isa = PBXFileReference; lastKnownFileType = folder.assetcatalog; path = Assets.xcassets; sourceTree = "<group>"; };
		914B6C2829F19CCB00CF11B4 /* Base */ = {isa = PBXFileReference; lastKnownFileType = file.storyboard; name = Base; path = Base.lproj/LaunchScreen.storyboard; sourceTree = "<group>"; };
		914B6C2A29F19CCB00CF11B4 /* Info.plist */ = {isa = PBXFileReference; lastKnownFileType = text.plist.xml; path = Info.plist; sourceTree = "<group>"; };
		914B6C2F29F19CCB00CF11B4 /* toetacticTests.xctest */ = {isa = PBXFileReference; explicitFileType = wrapper.cfbundle; includeInIndex = 0; path = toetacticTests.xctest; sourceTree = BUILT_PRODUCTS_DIR; };
		914B6C3329F19CCB00CF11B4 /* toetacticTests.swift */ = {isa = PBXFileReference; lastKnownFileType = sourcecode.swift; path = toetacticTests.swift; sourceTree = "<group>"; };
		914B6C3929F19CCB00CF11B4 /* toetacticUITests.xctest */ = {isa = PBXFileReference; explicitFileType = wrapper.cfbundle; includeInIndex = 0; path = toetacticUITests.xctest; sourceTree = BUILT_PRODUCTS_DIR; };
		914B6C3D29F19CCB00CF11B4 /* toetacticUITests.swift */ = {isa = PBXFileReference; lastKnownFileType = sourcecode.swift; path = toetacticUITests.swift; sourceTree = "<group>"; };
		914B6C3F29F19CCB00CF11B4 /* toetacticUITestsLaunchTests.swift */ = {isa = PBXFileReference; lastKnownFileType = sourcecode.swift; path = toetacticUITestsLaunchTests.swift; sourceTree = "<group>"; };
/* End PBXFileReference section */

/* Begin PBXFrameworksBuildPhase section */
		914B6C1629F19CCA00CF11B4 /* Frameworks */ = {
			isa = PBXFrameworksBuildPhase;
			buildActionMask = 2147483647;
			files = (
			);
			runOnlyForDeploymentPostprocessing = 0;
		};
		914B6C2C29F19CCB00CF11B4 /* Frameworks */ = {
			isa = PBXFrameworksBuildPhase;
			buildActionMask = 2147483647;
			files = (
			);
			runOnlyForDeploymentPostprocessing = 0;
		};
		914B6C3629F19CCB00CF11B4 /* Frameworks */ = {
			isa = PBXFrameworksBuildPhase;
			buildActionMask = 2147483647;
			files = (
			);
			runOnlyForDeploymentPostprocessing = 0;
		};
/* End PBXFrameworksBuildPhase section */

/* Begin PBXGroup section */
		914B6C1029F19CCA00CF11B4 = {
			isa = PBXGroup;
			children = (
				914B6C1B29F19CCA00CF11B4 /* toetactic */,
				914B6C3229F19CCB00CF11B4 /* toetacticTests */,
				914B6C3C29F19CCB00CF11B4 /* toetacticUITests */,
				914B6C1A29F19CCA00CF11B4 /* Products */,
			);
			sourceTree = "<group>";
		};
		914B6C1A29F19CCA00CF11B4 /* Products */ = {
			isa = PBXGroup;
			children = (
				914B6C1929F19CCA00CF11B4 /* toetactic.app */,
				914B6C2F29F19CCB00CF11B4 /* toetacticTests.xctest */,
				914B6C3929F19CCB00CF11B4 /* toetacticUITests.xctest */,
			);
			name = Products;
			sourceTree = "<group>";
		};
		914B6C1B29F19CCA00CF11B4 /* toetactic */ = {
			isa = PBXGroup;
			children = (
				914B6C1C29F19CCA00CF11B4 /* AppDelegate.swift */,
				914B6C1E29F19CCA00CF11B4 /* SceneDelegate.swift */,
				914B6C2029F19CCA00CF11B4 /* ViewController.swift */,
				914B6C2229F19CCA00CF11B4 /* Main.storyboard */,
				914B6C2529F19CCB00CF11B4 /* Assets.xcassets */,
				914B6C2729F19CCB00CF11B4 /* LaunchScreen.storyboard */,
				914B6C2A29F19CCB00CF11B4 /* Info.plist */,
			);
			path = toetactic;
			sourceTree = "<group>";
		};
		914B6C3229F19CCB00CF11B4 /* toetacticTests */ = {
			isa = PBXGroup;
			children = (
				914B6C3329F19CCB00CF11B4 /* toetacticTests.swift */,
			);
			path = toetacticTests;
			sourceTree = "<group>";
		};
		914B6C3C29F19CCB00CF11B4 /* toetacticUITests */ = {
			isa = PBXGroup;
			children = (
				914B6C3D29F19CCB00CF11B4 /* toetacticUITests.swift */,
				914B6C3F29F19CCB00CF11B4 /* toetacticUITestsLaunchTests.swift */,
			);
			path = toetacticUITests;
			sourceTree = "<group>";
		};
/* End PBXGroup section */

/* Begin PBXNativeTarget section */
		914B6C1829F19CCA00CF11B4 /* toetactic */ = {
			isa = PBXNativeTarget;
			buildConfigurationList = 914B6C4329F19CCB00CF11B4 /* Build configuration list for PBXNativeTarget "toetactic" */;
			buildPhases = (
				914B6C1529F19CCA00CF11B4 /* Sources */,
				914B6C1629F19CCA00CF11B4 /* Frameworks */,
				914B6C1729F19CCA00CF11B4 /* Resources */,
			);
			buildRules = (
			);
			dependencies = (
			);
			name = toetactic;
			productName = toetactic;
			productReference = 914B6C1929F19CCA00CF11B4 /* toetactic.app */;
			productType = "com.apple.product-type.application";
		};
		914B6C2E29F19CCB00CF11B4 /* toetacticTests */ = {
			isa = PBXNativeTarget;
			buildConfigurationList = 914B6C4629F19CCB00CF11B4 /* Build configuration list for PBXNativeTarget "toetacticTests" */;
			buildPhases = (
				914B6C2B29F19CCB00CF11B4 /* Sources */,
				914B6C2C29F19CCB00CF11B4 /* Frameworks */,
				914B6C2D29F19CCB00CF11B4 /* Resources */,
			);
			buildRules = (
			);
			dependencies = (
				914B6C3129F19CCB00CF11B4 /* PBXTargetDependency */,
			);
			name = toetacticTests;
			productName = toetacticTests;
			productReference = 914B6C2F29F19CCB00CF11B4 /* toetacticTests.xctest */;
			productType = "com.apple.product-type.bundle.unit-test";
		};
		914B6C3829F19CCB00CF11B4 /* toetacticUITests */ = {
			isa = PBXNativeTarget;
			buildConfigurationList = 914B6C4929F19CCB00CF11B4 /* Build configuration list for PBXNativeTarget "toetacticUITests" */;
			buildPhases = (
				914B6C3529F19CCB00CF11B4 /* Sources */,
				914B6C3629F19CCB00CF11B4 /* Frameworks */,
				914B6C3729F19CCB00CF11B4 /* Resources */,
			);
			buildRules = (
			);
			dependencies = (
				914B6C3B29F19CCB00CF11B4 /* PBXTargetDependency */,
			);
			name = toetacticUITests;
			productName = toetacticUITests;
			productReference = 914B6C3929F19CCB00CF11B4 /* toetacticUITests.xctest */;
			productType = "com.apple.product-type.bundle.ui-testing";
		};
/* End PBXNativeTarget section */

/* Begin PBXProject section */
		914B6C1129F19CCA00CF11B4 /* Project object */ = {
			isa = PBXProject;
			attributes = {
				BuildIndependentTargetsInParallel = 1;
				LastSwiftUpdateCheck = 1420;
				LastUpgradeCheck = 1420;
				TargetAttributes = {
					914B6C1829F19CCA00CF11B4 = {
						CreatedOnToolsVersion = 14.2;
					};
					914B6C2E29F19CCB00CF11B4 = {
						CreatedOnToolsVersion = 14.2;
						TestTargetID = 914B6C1829F19CCA00CF11B4;
					};
					914B6C3829F19CCB00CF11B4 = {
						CreatedOnToolsVersion = 14.2;
						TestTargetID = 914B6C1829F19CCA00CF11B4;
					};
				};
			};
			buildConfigurationList = 914B6C1429F19CCA00CF11B4 /* Build configuration list for PBXProject "toetactic" */;
			compatibilityVersion = "Xcode 14.0";
			developmentRegion = en;
			hasScannedForEncodings = 0;
			knownRegions = (
				en,
				Base,
			);
			mainGroup = 914B6C1029F19CCA00CF11B4;
			productRefGroup = 914B6C1A29F19CCA00CF11B4 /* Products */;
			projectDirPath = "";
			projectRoot = "";
			targets = (
				914B6C1829F19CCA00CF11B4 /* toetactic */,
				914B6C2E29F19CCB00CF11B4 /* toetacticTests */,
				914B6C3829F19CCB00CF11B4 /* toetacticUITests */,
			);
		};
/* End PBXProject section */

/* Begin PBXResourcesBuildPhase section */
		914B6C1729F19CCA00CF11B4 /* Resources */ = {
			isa = PBXResourcesBuildPhase;
			buildActionMask = 2147483647;
			files = (
				914B6C2929F19CCB00CF11B4 /* LaunchScreen.storyboard in Resources */,
				914B6C2629F19CCB00CF11B4 /* Assets.xcassets in Resources */,
				914B6C2429F19CCA00CF11B4 /* Main.storyboard in Resources */,
			);
			runOnlyForDeploymentPostprocessing = 0;
		};
		914B6C2D29F19CCB00CF11B4 /* Resources */ = {
			isa = PBXResourcesBuildPhase;
			buildActionMask = 2147483647;
			files = (
			);
			runOnlyForDeploymentPostprocessing = 0;
		};
		914B6C3729F19CCB00CF11B4 /* Resources */ = {
			isa = PBXResourcesBuildPhase;
			buildActionMask = 2147483647;
			files = (
			);
			runOnlyForDeploymentPostprocessing = 0;
		};
/* End PBXResourcesBuildPhase section */

/* Begin PBXSourcesBuildPhase section */
		914B6C1529F19CCA00CF11B4 /* Sources */ = {
			isa = PBXSourcesBuildPhase;
			buildActionMask = 2147483647;
			files = (
				914B6C2129F19CCA00CF11B4 /* ViewController.swift in Sources */,
				914B6C1D29F19CCA00CF11B4 /* AppDelegate.swift in Sources */,
				914B6C1F29F19CCA00CF11B4 /* SceneDelegate.swift in Sources */,
			);
			runOnlyForDeploymentPostprocessing = 0;
		};
		914B6C2B29F19CCB00CF11B4 /* Sources */ = {
			isa = PBXSourcesBuildPhase;
			buildActionMask = 2147483647;
			files = (
				914B6C3429F19CCB00CF11B4 /* toetacticTests.swift in Sources */,
			);
			runOnlyForDeploymentPostprocessing = 0;
		};
		914B6C3529F19CCB00CF11B4 /* Sources */ = {
			isa = PBXSourcesBuildPhase;
			buildActionMask = 2147483647;
			files = (
				914B6C3E29F19CCB00CF11B4 /* toetacticUITests.swift in Sources */,
				914B6C4029F19CCB00CF11B4 /* toetacticUITestsLaunchTests.swift in Sources */,
			);
			runOnlyForDeploymentPostprocessing = 0;
		};
/* End PBXSourcesBuildPhase section */

/* Begin PBXTargetDependency section */
		914B6C3129F19CCB00CF11B4 /* PBXTargetDependency */ = {
			isa = PBXTargetDependency;
			target = 914B6C1829F19CCA00CF11B4 /* toetactic */;
			targetProxy = 914B6C3029F19CCB00CF11B4 /* PBXContainerItemProxy */;
		};
		914B6C3B29F19CCB00CF11B4 /* PBXTargetDependency */ = {
			isa = PBXTargetDependency;
			target = 914B6C1829F19CCA00CF11B4 /* toetactic */;
			targetProxy = 914B6C3A29F19CCB00CF11B4 /* PBXContainerItemProxy */;
		};
/* End PBXTargetDependency section */

/* Begin PBXVariantGroup section */
		914B6C2229F19CCA00CF11B4 /* Main.storyboard */ = {
			isa = PBXVariantGroup;
			children = (
				914B6C2329F19CCA00CF11B4 /* Base */,
			);
			name = Main.storyboard;
			sourceTree = "<group>";
		};
		914B6C2729F19CCB00CF11B4 /* LaunchScreen.storyboard */ = {
			isa = PBXVariantGroup;
			children = (
				914B6C2829F19CCB00CF11B4 /* Base */,
			);
			name = LaunchScreen.storyboard;
			sourceTree = "<group>";
		};
/* End PBXVariantGroup section */

/* Begin XCBuildConfiguration section */
		914B6C4129F19CCB00CF11B4 /* Debug */ = {
			isa = XCBuildConfiguration;
			buildSettings = {
				ALWAYS_SEARCH_USER_PATHS = NO;
				CLANG_ANALYZER_NONNULL = YES;
				CLANG_ANALYZER_NUMBER_OBJECT_CONVERSION = YES_AGGRESSIVE;
				CLANG_CXX_LANGUAGE_STANDARD = "gnu++20";
				CLANG_ENABLE_MODULES = YES;
				CLANG_ENABLE_OBJC_ARC = YES;
				CLANG_ENABLE_OBJC_WEAK = YES;
				CLANG_WARN_BLOCK_CAPTURE_AUTORELEASING = YES;
				CLANG_WARN_BOOL_CONVERSION = YES;
				CLANG_WARN_COMMA = YES;
				CLANG_WARN_CONSTANT_CONVERSION = YES;
				CLANG_WARN_DEPRECATED_OBJC_IMPLEMENTATIONS = YES;
				CLANG_WARN_DIRECT_OBJC_ISA_USAGE = YES_ERROR;
				CLANG_WARN_DOCUMENTATION_COMMENTS = YES;
				CLANG_WARN_EMPTY_BODY = YES;
				CLANG_WARN_ENUM_CONVERSION = YES;
				CLANG_WARN_INFINITE_RECURSION = YES;
				CLANG_WARN_INT_CONVERSION = YES;
				CLANG_WARN_NON_LITERAL_NULL_CONVERSION = YES;
				CLANG_WARN_OBJC_IMPLICIT_RETAIN_SELF = YES;
				CLANG_WARN_OBJC_LITERAL_CONVERSION = YES;
				CLANG_WARN_OBJC_ROOT_CLASS = YES_ERROR;
				CLANG_WARN_QUOTED_INCLUDE_IN_FRAMEWORK_HEADER = YES;
				CLANG_WARN_RANGE_LOOP_ANALYSIS = YES;
				CLANG_WARN_STRICT_PROTOTYPES = YES;
				CLANG_WARN_SUSPICIOUS_MOVE = YES;
				CLANG_WARN_UNGUARDED_AVAILABILITY = YES_AGGRESSIVE;
				CLANG_WARN_UNREACHABLE_CODE = YES;
				CLANG_WARN__DUPLICATE_METHOD_MATCH = YES;
				COPY_PHASE_STRIP = NO;
				DEBUG_INFORMATION_FORMAT = dwarf;
				ENABLE_STRICT_OBJC_MSGSEND = YES;
				ENABLE_TESTABILITY = YES;
				GCC_C_LANGUAGE_STANDARD = gnu11;
				GCC_DYNAMIC_NO_PIC = NO;
				GCC_NO_COMMON_BLOCKS = YES;
				GCC_OPTIMIZATION_LEVEL = 0;
				GCC_PREPROCESSOR_DEFINITIONS = (
					"DEBUG=1",
					"$(inherited)",
				);
				GCC_WARN_64_TO_32_BIT_CONVERSION = YES;
				GCC_WARN_ABOUT_RETURN_TYPE = YES_ERROR;
				GCC_WARN_UNDECLARED_SELECTOR = YES;
				GCC_WARN_UNINITIALIZED_AUTOS = YES_AGGRESSIVE;
				GCC_WARN_UNUSED_FUNCTION = YES;
				GCC_WARN_UNUSED_VARIABLE = YES;
				IPHONEOS_DEPLOYMENT_TARGET = 16.2;
				MTL_ENABLE_DEBUG_INFO = INCLUDE_SOURCE;
				MTL_FAST_MATH = YES;
				ONLY_ACTIVE_ARCH = YES;
				SDKROOT = iphoneos;
				SWIFT_ACTIVE_COMPILATION_CONDITIONS = DEBUG;
				SWIFT_OPTIMIZATION_LEVEL = "-Onone";
			};
			name = Debug;
		};
		914B6C4229F19CCB00CF11B4 /* Release */ = {
			isa = XCBuildConfiguration;
			buildSettings = {
				ALWAYS_SEARCH_USER_PATHS = NO;
				CLANG_ANALYZER_NONNULL = YES;
				CLANG_ANALYZER_NUMBER_OBJECT_CONVERSION = YES_AGGRESSIVE;
				CLANG_CXX_LANGUAGE_STANDARD = "gnu++20";
				CLANG_ENABLE_MODULES = YES;
				CLANG_ENABLE_OBJC_ARC = YES;
				CLANG_ENABLE_OBJC_WEAK = YES;
				CLANG_WARN_BLOCK_CAPTURE_AUTORELEASING = YES;
				CLANG_WARN_BOOL_CONVERSION = YES;
				CLANG_WARN_COMMA = YES;
				CLANG_WARN_CONSTANT_CONVERSION = YES;
				CLANG_WARN_DEPRECATED_OBJC_IMPLEMENTATIONS = YES;
				CLANG_WARN_DIRECT_OBJC_ISA_USAGE = YES_ERROR;
				CLANG_WARN_DOCUMENTATION_COMMENTS = YES;
				CLANG_WARN_EMPTY_BODY = YES;
				CLANG_WARN_ENUM_CONVERSION = YES;
				CLANG_WARN_INFINITE_RECURSION = YES;
				CLANG_WARN_INT_CONVERSION = YES;
				CLANG_WARN_NON_LITERAL_NULL_CONVERSION = YES;
				CLANG_WARN_OBJC_IMPLICIT_RETAIN_SELF = YES;
				CLANG_WARN_OBJC_LITERAL_CONVERSION = YES;
				CLANG_WARN_OBJC_ROOT_CLASS = YES_ERROR;
				CLANG_WARN_QUOTED_INCLUDE_IN_FRAMEWORK_HEADER = YES;
				CLANG_WARN_RANGE_LOOP_ANALYSIS = YES;
				CLANG_WARN_STRICT_PROTOTYPES = YES;
				CLANG_WARN_SUSPICIOUS_MOVE = YES;
				CLANG_WARN_UNGUARDED_AVAILABILITY = YES_AGGRESSIVE;
				CLANG_WARN_UNREACHABLE_CODE = YES;
				CLANG_WARN__DUPLICATE_METHOD_MATCH = YES;
				COPY_PHASE_STRIP = NO;
				DEBUG_INFORMATION_FORMAT = "dwarf-with-dsym";
				ENABLE_NS_ASSERTIONS = NO;
				ENABLE_STRICT_OBJC_MSGSEND = YES;
				GCC_C_LANGUAGE_STANDARD = gnu11;
				GCC_NO_COMMON_BLOCKS = YES;
				GCC_WARN_64_TO_32_BIT_CONVERSION = YES;
				GCC_WARN_ABOUT_RETURN_TYPE = YES_ERROR;
				GCC_WARN_UNDECLARED_SELECTOR = YES;
				GCC_WARN_UNINITIALIZED_AUTOS = YES_AGGRESSIVE;
				GCC_WARN_UNUSED_FUNCTION = YES;
				GCC_WARN_UNUSED_VARIABLE = YES;
				IPHONEOS_DEPLOYMENT_TARGET = 16.2;
				MTL_ENABLE_DEBUG_INFO = NO;
				MTL_FAST_MATH = YES;
				SDKROOT = iphoneos;
				SWIFT_COMPILATION_MODE = wholemodule;
				SWIFT_OPTIMIZATION_LEVEL = "-O";
				VALIDATE_PRODUCT = YES;
			};
			name = Release;
		};
		914B6C4429F19CCB00CF11B4 /* Debug */ = {
			isa = XCBuildConfiguration;
			buildSettings = {
				ASSETCATALOG_COMPILER_APPICON_NAME = AppIcon;
				ASSETCATALOG_COMPILER_GLOBAL_ACCENT_COLOR_NAME = AccentColor;
				CODE_SIGN_STYLE = Automatic;
				CURRENT_PROJECT_VERSION = 1;
				DEVELOPMENT_TEAM = 86XJL2HGN2;
				GENERATE_INFOPLIST_FILE = YES;
				INFOPLIST_FILE = toetactic/Info.plist;
				INFOPLIST_KEY_UIApplicationSupportsIndirectInputEvents = YES;
				INFOPLIST_KEY_UILaunchStoryboardName = LaunchScreen;
				INFOPLIST_KEY_UIMainStoryboardFile = Main;
				INFOPLIST_KEY_UISupportedInterfaceOrientations_iPad = "UIInterfaceOrientationPortrait UIInterfaceOrientationPortraitUpsideDown UIInterfaceOrientationLandscapeLeft UIInterfaceOrientationLandscapeRight";
				INFOPLIST_KEY_UISupportedInterfaceOrientations_iPhone = "UIInterfaceOrientationPortrait UIInterfaceOrientationLandscapeLeft UIInterfaceOrientationLandscapeRight";
				LD_RUNPATH_SEARCH_PATHS = (
					"$(inherited)",
					"@executable_path/Frameworks",
				);
				MARKETING_VERSION = 1.0;
				PRODUCT_BUNDLE_IDENTIFIER = "bhibhj-er.toetactic";
				PRODUCT_NAME = "$(TARGET_NAME)";
				SWIFT_EMIT_LOC_STRINGS = YES;
				SWIFT_VERSION = 5.0;
				TARGETED_DEVICE_FAMILY = "1,2";
			};
			name = Debug;
		};
		914B6C4529F19CCB00CF11B4 /* Release */ = {
			isa = XCBuildConfiguration;
			buildSettings = {
				ASSETCATALOG_COMPILER_APPICON_NAME = AppIcon;
				ASSETCATALOG_COMPILER_GLOBAL_ACCENT_COLOR_NAME = AccentColor;
				CODE_SIGN_STYLE = Automatic;
				CURRENT_PROJECT_VERSION = 1;
				DEVELOPMENT_TEAM = 86XJL2HGN2;
				GENERATE_INFOPLIST_FILE = YES;
				INFOPLIST_FILE = toetactic/Info.plist;
				INFOPLIST_KEY_UIApplicationSupportsIndirectInputEvents = YES;
				INFOPLIST_KEY_UILaunchStoryboardName = LaunchScreen;
				INFOPLIST_KEY_UIMainStoryboardFile = Main;
				INFOPLIST_KEY_UISupportedInterfaceOrientations_iPad = "UIInterfaceOrientationPortrait UIInterfaceOrientationPortraitUpsideDown UIInterfaceOrientationLandscapeLeft UIInterfaceOrientationLandscapeRight";
				INFOPLIST_KEY_UISupportedInterfaceOrientations_iPhone = "UIInterfaceOrientationPortrait UIInterfaceOrientationLandscapeLeft UIInterfaceOrientationLandscapeRight";
				LD_RUNPATH_SEARCH_PATHS = (
					"$(inherited)",
					"@executable_path/Frameworks",
				);
				MARKETING_VERSION = 1.0;
				PRODUCT_BUNDLE_IDENTIFIER = "bhibhj-er.toetactic";
				PRODUCT_NAME = "$(TARGET_NAME)";
				SWIFT_EMIT_LOC_STRINGS = YES;
				SWIFT_VERSION = 5.0;
				TARGETED_DEVICE_FAMILY = "1,2";
			};
			name = Release;
		};
		914B6C4729F19CCB00CF11B4 /* Debug */ = {
			isa = XCBuildConfiguration;
			buildSettings = {
				ALWAYS_EMBED_SWIFT_STANDARD_LIBRARIES = YES;
				BUNDLE_LOADER = "$(TEST_HOST)";
				CODE_SIGN_STYLE = Automatic;
				CURRENT_PROJECT_VERSION = 1;
				DEVELOPMENT_TEAM = 86XJL2HGN2;
				GENERATE_INFOPLIST_FILE = YES;
				IPHONEOS_DEPLOYMENT_TARGET = 16.2;
				MARKETING_VERSION = 1.0;
				PRODUCT_BUNDLE_IDENTIFIER = "bhibhj-er.toetacticTests";
				PRODUCT_NAME = "$(TARGET_NAME)";
				SWIFT_EMIT_LOC_STRINGS = NO;
				SWIFT_VERSION = 5.0;
				TARGETED_DEVICE_FAMILY = "1,2";
				TEST_HOST = "$(BUILT_PRODUCTS_DIR)/toetactic.app/$(BUNDLE_EXECUTABLE_FOLDER_PATH)/toetactic";
			};
			name = Debug;
		};
		914B6C4829F19CCB00CF11B4 /* Release */ = {
			isa = XCBuildConfiguration;
			buildSettings = {
				ALWAYS_EMBED_SWIFT_STANDARD_LIBRARIES = YES;
				BUNDLE_LOADER = "$(TEST_HOST)";
				CODE_SIGN_STYLE = Automatic;
				CURRENT_PROJECT_VERSION = 1;
				DEVELOPMENT_TEAM = 86XJL2HGN2;
				GENERATE_INFOPLIST_FILE = YES;
				IPHONEOS_DEPLOYMENT_TARGET = 16.2;
				MARKETING_VERSION = 1.0;
				PRODUCT_BUNDLE_IDENTIFIER = "bhibhj-er.toetacticTests";
				PRODUCT_NAME = "$(TARGET_NAME)";
				SWIFT_EMIT_LOC_STRINGS = NO;
				SWIFT_VERSION = 5.0;
				TARGETED_DEVICE_FAMILY = "1,2";
				TEST_HOST = "$(BUILT_PRODUCTS_DIR)/toetactic.app/$(BUNDLE_EXECUTABLE_FOLDER_PATH)/toetactic";
			};
			name = Release;
		};
		914B6C4A29F19CCB00CF11B4 /* Debug */ = {
			isa = XCBuildConfiguration;
			buildSettings = {
				ALWAYS_EMBED_SWIFT_STANDARD_LIBRARIES = YES;
				CODE_SIGN_STYLE = Automatic;
				CURRENT_PROJECT_VERSION = 1;
				DEVELOPMENT_TEAM = 86XJL2HGN2;
				GENERATE_INFOPLIST_FILE = YES;
				MARKETING_VERSION = 1.0;
				PRODUCT_BUNDLE_IDENTIFIER = "bhibhj-er.toetacticUITests";
				PRODUCT_NAME = "$(TARGET_NAME)";
				SWIFT_EMIT_LOC_STRINGS = NO;
				SWIFT_VERSION = 5.0;
				TARGETED_DEVICE_FAMILY = "1,2";
				TEST_TARGET_NAME = toetactic;
			};
			name = Debug;
		};
		914B6C4B29F19CCB00CF11B4 /* Release */ = {
			isa = XCBuildConfiguration;
			buildSettings = {
				ALWAYS_EMBED_SWIFT_STANDARD_LIBRARIES = YES;
				CODE_SIGN_STYLE = Automatic;
				CURRENT_PROJECT_VERSION = 1;
				DEVELOPMENT_TEAM = 86XJL2HGN2;
				GENERATE_INFOPLIST_FILE = YES;
				MARKETING_VERSION = 1.0;
				PRODUCT_BUNDLE_IDENTIFIER = "bhibhj-er.toetacticUITests";
				PRODUCT_NAME = "$(TARGET_NAME)";
				SWIFT_EMIT_LOC_STRINGS = NO;
				SWIFT_VERSION = 5.0;
				TARGETED_DEVICE_FAMILY = "1,2";
				TEST_TARGET_NAME = toetactic;
			};
			name = Release;
		};
/* End XCBuildConfiguration section */

/* Begin XCConfigurationList section */
		914B6C1429F19CCA00CF11B4 /* Build configuration list for PBXProject "toetactic" */ = {
			isa = XCConfigurationList;
			buildConfigurations = (
				914B6C4129F19CCB00CF11B4 /* Debug */,
				914B6C4229F19CCB00CF11B4 /* Release */,
			);
			defaultConfigurationIsVisible = 0;
			defaultConfigurationName = Release;
		};
		914B6C4329F19CCB00CF11B4 /* Build configuration list for PBXNativeTarget "toetactic" */ = {
			isa = XCConfigurationList;
			buildConfigurations = (
				914B6C4429F19CCB00CF11B4 /* Debug */,
				914B6C4529F19CCB00CF11B4 /* Release */,
			);
			defaultConfigurationIsVisible = 0;
			defaultConfigurationName = Release;
		};
		914B6C4629F19CCB00CF11B4 /* Build configuration list for PBXNativeTarget "toetacticTests" */ = {
			isa = XCConfigurationList;
			buildConfigurations = (
				914B6C4729F19CCB00CF11B4 /* Debug */,
				914B6C4829F19CCB00CF11B4 /* Release */,
			);
			defaultConfigurationIsVisible = 0;
			defaultConfigurationName = Release;
		};
		914B6C4929F19CCB00CF11B4 /* Build configuration list for PBXNativeTarget "toetacticUITests" */ = {
			isa = XCConfigurationList;
			buildConfigurations = (
				914B6C4A29F19CCB00CF11B4 /* Debug */,
				914B6C4B29F19CCB00CF11B4 /* Release */,
			);
			defaultConfigurationIsVisible = 0;
			defaultConfigurationName = Release;
		};
/* End XCConfigurationList section */
	};
	rootObject = 914B6C1129F19CCA00CF11B4 /* Project object */;
}
